
Microsoft Visual Studio Solution File, Format Version 12.00
# Visual Studio Version 16
VisualStudioVersion = 16.0.30011.22
MinimumVisualStudioVersion = 10.0.40219.1
Project("{9A19103F-16F7-4668-BE54-9A1E7A4F7556}") = "BasicSortingTester", "BasicSortingTester\BasicSortingTester.csproj", "{B595DFE2-48C6-4A2E-9E33-51A6077D7591}"
EndProject
Project("{FAE04EC0-301F-11D3-BF4B-00C04F79EFBC}") = "BasicSortingTester-Tests", "BasicSortingTester-Tests\BasicSortingTester-Tests.csproj", "{C278A2FE-D884-41A1-9250-20C920F50604}"
EndProject
Global
	GlobalSection(SolutionConfigurationPlatforms) = preSolution
		Debug|Any CPU = Debug|Any CPU
		Release|Any CPU = Release|Any CPU
	EndGlobalSection
	GlobalSection(ProjectConfigurationPlatforms) = postSolution
		{B595DFE2-48C6-4A2E-9E33-51A6077D7591}.Debug|Any CPU.ActiveCfg = Debug|Any CPU
		{B595DFE2-48C6-4A2E-9E33-51A6077D7591}.Debug|Any CPU.Build.0 = Debug|Any CPU
		{B595DFE2-48C6-4A2E-9E33-51A6077D7591}.Release|Any CPU.ActiveCfg = Release|Any CPU
		{B595DFE2-48C6-4A2E-9E33-51A6077D7591}.Release|Any CPU.Build.0 = Release|Any CPU
		{C278A2FE-D884-41A1-9250-20C920F50604}.Debug|Any CPU.ActiveCfg = Debug|Any CPU
		{C278A2FE-D884-41A1-9250-20C920F50604}.Debug|Any CPU.Build.0 = Debug|Any CPU
		{C278A2FE-D884-41A1-9250-20C920F50604}.Release|Any CPU.ActiveCfg = Release|Any CPU
		{C278A2FE-D884-41A1-9250-20C920F50604}.Release|Any CPU.Build.0 = Release|Any CPU
	EndGlobalSection
	GlobalSection(SolutionProperties) = preSolution
		HideSolutionNode = FALSE
	EndGlobalSection
	GlobalSection(ExtensibilityGlobals) = postSolution
		SolutionGuid = {03F6C2D9-435A-412F-8043-C570B7152CBE}
	EndGlobalSection
EndGlobal
